
Microsoft Visual Studio Solution File, Format Version 12.00
# Visual Studio 14
VisualStudioVersion = 14.0.25123.0
MinimumVisualStudioVersion = 10.0.40219.1
Project("{FAE04EC0-301F-11D3-BF4B-00C04F79EFBC}") = "ScrollingTheStack.Droid", "ScrollingTheStack\ScrollingTheStack.Droid\ScrollingTheStack.Droid.csproj", "{1483E4CD-23C4-4F72-B9A7-36815AFDF074}"
EndProject
Project("{FAE04EC0-301F-11D3-BF4B-00C04F79EFBC}") = "ScrollingTheStack.iOS", "ScrollingTheStack\ScrollingTheStack.iOS\ScrollingTheStack.iOS.csproj", "{3C3A5376-8A79-4DE5-A754-AD819FF22F46}"
EndProject
Project("{FAE04EC0-301F-11D3-BF4B-00C04F79EFBC}") = "ScrollingTheStack.WinPhone", "ScrollingTheStack\ScrollingTheStack.WinPhone\ScrollingTheStack.WinPhone.csproj", "{24AD2E42-4AA3-4F35-9788-275BEF1B9FCB}"
EndProject
Project("{FAE04EC0-301F-11D3-BF4B-00C04F79EFBC}") = "ScrollingTheStack.UWP", "ScrollingTheStack\ScrollingTheStack.UWP\ScrollingTheStack.UWP.csproj", "{EA53DF32-9346-4739-87C1-89E0894C5B45}"
EndProject
Project("{FAE04EC0-301F-11D3-BF4B-00C04F79EFBC}") = "ScrollingTheStack.Windows", "ScrollingTheStack\ScrollingTheStack.Windows\ScrollingTheStack.Windows.csproj", "{9340DC75-4EA0-401F-A363-565B1759173A}"
EndProject
Project("{FAE04EC0-301F-11D3-BF4B-00C04F79EFBC}") = "ScrollingTheStack", "ScrollingTheStack\ScrollingTheStack\ScrollingTheStack.csproj", "{7FACB05A-42B6-4458-BC15-7929B76BCCC8}"
EndProject
Global
	GlobalSection(SolutionConfigurationPlatforms) = preSolution
		Ad-Hoc|Any CPU = Ad-Hoc|Any CPU
		Ad-Hoc|ARM = Ad-Hoc|ARM
		Ad-Hoc|iPhone = Ad-Hoc|iPhone
		Ad-Hoc|iPhoneSimulator = Ad-Hoc|iPhoneSimulator
		Ad-Hoc|x64 = Ad-Hoc|x64
		Ad-Hoc|x86 = Ad-Hoc|x86
		AppStore|Any CPU = AppStore|Any CPU
		AppStore|ARM = AppStore|ARM
		AppStore|iPhone = AppStore|iPhone
		AppStore|iPhoneSimulator = AppStore|iPhoneSimulator
		AppStore|x64 = AppStore|x64
		AppStore|x86 = AppStore|x86
		Debug|Any CPU = Debug|Any CPU
		Debug|ARM = Debug|ARM
		Debug|iPhone = Debug|iPhone
		Debug|iPhoneSimulator = Debug|iPhoneSimulator
		Debug|x64 = Debug|x64
		Debug|x86 = Debug|x86
		Release|Any CPU = Release|Any CPU
		Release|ARM = Release|ARM
		Release|iPhone = Release|iPhone
		Release|iPhoneSimulator = Release|iPhoneSimulator
		Release|x64 = Release|x64
		Release|x86 = Release|x86
	EndGlobalSection
	GlobalSection(ProjectConfigurationPlatforms) = postSolution
		{1483E4CD-23C4-4F72-B9A7-36815AFDF074}.Ad-Hoc|Any CPU.ActiveCfg = Release|Any CPU
		{1483E4CD-23C4-4F72-B9A7-36815AFDF074}.Ad-Hoc|Any CPU.Build.0 = Release|Any CPU
		{1483E4CD-23C4-4F72-B9A7-36815AFDF074}.Ad-Hoc|Any CPU.Deploy.0 = Release|Any CPU
		{1483E4CD-23C4-4F72-B9A7-36815AFDF074}.Ad-Hoc|ARM.ActiveCfg = Release|Any CPU
		{1483E4CD-23C4-4F72-B9A7-36815AFDF074}.Ad-Hoc|ARM.Build.0 = Release|Any CPU
		{1483E4CD-23C4-4F72-B9A7-36815AFDF074}.Ad-Hoc|ARM.Deploy.0 = Release|Any CPU
		{1483E4CD-23C4-4F72-B9A7-36815AFDF074}.Ad-Hoc|iPhone.ActiveCfg = Release|Any CPU
		{1483E4CD-23C4-4F72-B9A7-36815AFDF074}.Ad-Hoc|iPhone.Build.0 = Release|Any CPU
		{1483E4CD-23C4-4F72-B9A7-36815AFDF074}.Ad-Hoc|iPhone.Deploy.0 = Release|Any CPU
		{1483E4CD-23C4-4F72-B9A7-36815AFDF074}.Ad-Hoc|iPhoneSimulator.ActiveCfg = Release|Any CPU
		{1483E4CD-23C4-4F72-B9A7-36815AFDF074}.Ad-Hoc|iPhoneSimulator.Build.0 = Release|Any CPU
		{1483E4CD-23C4-4F72-B9A7-36815AFDF074}.Ad-Hoc|iPhoneSimulator.Deploy.0 = Release|Any CPU
		{1483E4CD-23C4-4F72-B9A7-36815AFDF074}.Ad-Hoc|x64.ActiveCfg = Release|Any CPU
		{1483E4CD-23C4-4F72-B9A7-36815AFDF074}.Ad-Hoc|x64.Build.0 = Release|Any CPU
		{1483E4CD-23C4-4F72-B9A7-36815AFDF074}.Ad-Hoc|x64.Deploy.0 = Release|Any CPU
		{1483E4CD-23C4-4F72-B9A7-36815AFDF074}.Ad-Hoc|x86.ActiveCfg = Release|Any CPU
		{1483E4CD-23C4-4F72-B9A7-36815AFDF074}.Ad-Hoc|x86.Build.0 = Release|Any CPU
		{1483E4CD-23C4-4F72-B9A7-36815AFDF074}.Ad-Hoc|x86.Deploy.0 = Release|Any CPU
		{1483E4CD-23C4-4F72-B9A7-36815AFDF074}.AppStore|Any CPU.ActiveCfg = Release|Any CPU
		{1483E4CD-23C4-4F72-B9A7-36815AFDF074}.AppStore|Any CPU.Build.0 = Release|Any CPU
		{1483E4CD-23C4-4F72-B9A7-36815AFDF074}.AppStore|Any CPU.Deploy.0 = Release|Any CPU
		{1483E4CD-23C4-4F72-B9A7-36815AFDF074}.AppStore|ARM.ActiveCfg = Release|Any CPU
		{1483E4CD-23C4-4F72-B9A7-36815AFDF074}.AppStore|ARM.Build.0 = Release|Any CPU
		{1483E4CD-23C4-4F72-B9A7-36815AFDF074}.AppStore|ARM.Deploy.0 = Release|Any CPU
		{1483E4CD-23C4-4F72-B9A7-36815AFDF074}.AppStore|iPhone.ActiveCfg = Release|Any CPU
		{1483E4CD-23C4-4F72-B9A7-36815AFDF074}.AppStore|iPhone.Build.0 = Release|Any CPU
		{1483E4CD-23C4-4F72-B9A7-36815AFDF074}.AppStore|iPhone.Deploy.0 = Release|Any CPU
		{1483E4CD-23C4-4F72-B9A7-36815AFDF074}.AppStore|iPhoneSimulator.ActiveCfg = Release|Any CPU
		{1483E4CD-23C4-4F72-B9A7-36815AFDF074}.AppStore|iPhoneSimulator.Build.0 = Release|Any CPU
		{1483E4CD-23C4-4F72-B9A7-36815AFDF074}.AppStore|iPhoneSimulator.Deploy.0 = Release|Any CPU
		{1483E4CD-23C4-4F72-B9A7-36815AFDF074}.AppStore|x64.ActiveCfg = Release|Any CPU
		{1483E4CD-23C4-4F72-B9A7-36815AFDF074}.AppStore|x64.Build.0 = Release|Any CPU
		{1483E4CD-23C4-4F72-B9A7-36815AFDF074}.AppStore|x64.Deploy.0 = Release|Any CPU
		{1483E4CD-23C4-4F72-B9A7-36815AFDF074}.AppStore|x86.ActiveCfg = Release|Any CPU
		{1483E4CD-23C4-4F72-B9A7-36815AFDF074}.AppStore|x86.Build.0 = Release|Any CPU
		{1483E4CD-23C4-4F72-B9A7-36815AFDF074}.AppStore|x86.Deploy.0 = Release|Any CPU
		{1483E4CD-23C4-4F72-B9A7-36815AFDF074}.Debug|Any CPU.ActiveCfg = Debug|Any CPU
		{1483E4CD-23C4-4F72-B9A7-36815AFDF074}.Debug|Any CPU.Build.0 = Debug|Any CPU
		{1483E4CD-23C4-4F72-B9A7-36815AFDF074}.Debug|Any CPU.Deploy.0 = Debug|Any CPU
		{1483E4CD-23C4-4F72-B9A7-36815AFDF074}.Debug|ARM.ActiveCfg = Debug|Any CPU
		{1483E4CD-23C4-4F72-B9A7-36815AFDF074}.Debug|ARM.Build.0 = Debug|Any CPU
		{1483E4CD-23C4-4F72-B9A7-36815AFDF074}.Debug|ARM.Deploy.0 = Debug|Any CPU
		{1483E4CD-23C4-4F72-B9A7-36815AFDF074}.Debug|iPhone.ActiveCfg = Debug|Any CPU
		{1483E4CD-23C4-4F72-B9A7-36815AFDF074}.Debug|iPhone.Build.0 = Debug|Any CPU
		{1483E4CD-23C4-4F72-B9A7-36815AFDF074}.Debug|iPhone.Deploy.0 = Debug|Any CPU
		{1483E4CD-23C4-4F72-B9A7-36815AFDF074}.Debug|iPhoneSimulator.ActiveCfg = Debug|Any CPU
		{1483E4CD-23C4-4F72-B9A7-36815AFDF074}.Debug|iPhoneSimulator.Build.0 = Debug|Any CPU
		{1483E4CD-23C4-4F72-B9A7-36815AFDF074}.Debug|iPhoneSimulator.Deploy.0 = Debug|Any CPU
		{1483E4CD-23C4-4F72-B9A7-36815AFDF074}.Debug|x64.ActiveCfg = Debug|Any CPU
		{1483E4CD-23C4-4F72-B9A7-36815AFDF074}.Debug|x64.Build.0 = Debug|Any CPU
		{1483E4CD-23C4-4F72-B9A7-36815AFDF074}.Debug|x64.Deploy.0 = Debug|Any CPU
		{1483E4CD-23C4-4F72-B9A7-36815AFDF074}.Debug|x86.ActiveCfg = Debug|Any CPU
		{1483E4CD-23C4-4F72-B9A7-36815AFDF074}.Debug|x86.Build.0 = Debug|Any CPU
		{1483E4CD-23C4-4F72-B9A7-36815AFDF074}.Debug|x86.Deploy.0 = Debug|Any CPU
		{1483E4CD-23C4-4F72-B9A7-36815AFDF074}.Release|Any CPU.ActiveCfg = Release|Any CPU
		{1483E4CD-23C4-4F72-B9A7-36815AFDF074}.Release|Any CPU.Build.0 = Release|Any CPU
		{1483E4CD-23C4-4F72-B9A7-36815AFDF074}.Release|Any CPU.Deploy.0 = Release|Any CPU
		{1483E4CD-23C4-4F72-B9A7-36815AFDF074}.Release|ARM.ActiveCfg = Release|Any CPU
		{1483E4CD-23C4-4F72-B9A7-36815AFDF074}.Release|ARM.Build.0 = Release|Any CPU
		{1483E4CD-23C4-4F72-B9A7-36815AFDF074}.Release|ARM.Deploy.0 = Release|Any CPU
		{1483E4CD-23C4-4F72-B9A7-36815AFDF074}.Release|iPhone.ActiveCfg = Release|Any CPU
		{1483E4CD-23C4-4F72-B9A7-36815AFDF074}.Release|iPhone.Build.0 = Release|Any CPU
		{1483E4CD-23C4-4F72-B9A7-36815AFDF074}.Release|iPhone.Deploy.0 = Release|Any CPU
		{1483E4CD-23C4-4F72-B9A7-36815AFDF074}.Release|iPhoneSimulator.ActiveCfg = Release|Any CPU
		{1483E4CD-23C4-4F72-B9A7-36815AFDF074}.Release|iPhoneSimulator.Build.0 = Release|Any CPU
		{1483E4CD-23C4-4F72-B9A7-36815AFDF074}.Release|iPhoneSimulator.Deploy.0 = Release|Any CPU
		{1483E4CD-23C4-4F72-B9A7-36815AFDF074}.Release|x64.ActiveCfg = Release|Any CPU
		{1483E4CD-23C4-4F72-B9A7-36815AFDF074}.Release|x64.Build.0 = Release|Any CPU
		{1483E4CD-23C4-4F72-B9A7-36815AFDF074}.Release|x64.Deploy.0 = Release|Any CPU
		{1483E4CD-23C4-4F72-B9A7-36815AFDF074}.Release|x86.ActiveCfg = Release|Any CPU
		{1483E4CD-23C4-4F72-B9A7-36815AFDF074}.Release|x86.Build.0 = Release|Any CPU
		{1483E4CD-23C4-4F72-B9A7-36815AFDF074}.Release|x86.Deploy.0 = Release|Any CPU
		{3C3A5376-8A79-4DE5-A754-AD819FF22F46}.Ad-Hoc|Any CPU.ActiveCfg = Ad-Hoc|iPhone
		{3C3A5376-8A79-4DE5-A754-AD819FF22F46}.Ad-Hoc|ARM.ActiveCfg = Ad-Hoc|iPhone
		{3C3A5376-8A79-4DE5-A754-AD819FF22F46}.Ad-Hoc|iPhone.ActiveCfg = Ad-Hoc|iPhone
		{3C3A5376-8A79-4DE5-A754-AD819FF22F46}.Ad-Hoc|iPhone.Build.0 = Ad-Hoc|iPhone
		{3C3A5376-8A79-4DE5-A754-AD819FF22F46}.Ad-Hoc|iPhoneSimulator.ActiveCfg = Ad-Hoc|iPhoneSimulator
		{3C3A5376-8A79-4DE5-A754-AD819FF22F46}.Ad-Hoc|iPhoneSimulator.Build.0 = Ad-Hoc|iPhoneSimulator
		{3C3A5376-8A79-4DE5-A754-AD819FF22F46}.Ad-Hoc|x64.ActiveCfg = Ad-Hoc|iPhone
		{3C3A5376-8A79-4DE5-A754-AD819FF22F46}.Ad-Hoc|x86.ActiveCfg = Ad-Hoc|iPhone
		{3C3A5376-8A79-4DE5-A754-AD819FF22F46}.AppStore|Any CPU.ActiveCfg = AppStore|iPhone
		{3C3A5376-8A79-4DE5-A754-AD819FF22F46}.AppStore|ARM.ActiveCfg = AppStore|iPhone
		{3C3A5376-8A79-4DE5-A754-AD819FF22F46}.AppStore|iPhone.ActiveCfg = AppStore|iPhone
		{3C3A5376-8A79-4DE5-A754-AD819FF22F46}.AppStore|iPhone.Build.0 = AppStore|iPhone
		{3C3A5376-8A79-4DE5-A754-AD819FF22F46}.AppStore|iPhoneSimulator.ActiveCfg = AppStore|iPhoneSimulator
		{3C3A5376-8A79-4DE5-A754-AD819FF22F46}.AppStore|iPhoneSimulator.Build.0 = AppStore|iPhoneSimulator
		{3C3A5376-8A79-4DE5-A754-AD819FF22F46}.AppStore|x64.ActiveCfg = AppStore|iPhone
		{3C3A5376-8A79-4DE5-A754-AD819FF22F46}.AppStore|x86.ActiveCfg = AppStore|iPhone
		{3C3A5376-8A79-4DE5-A754-AD819FF22F46}.Debug|Any CPU.ActiveCfg = Debug|iPhone
		{3C3A5376-8A79-4DE5-A754-AD819FF22F46}.Debug|ARM.ActiveCfg = Debug|iPhone
		{3C3A5376-8A79-4DE5-A754-AD819FF22F46}.Debug|iPhone.ActiveCfg = Debug|iPhone
		{3C3A5376-8A79-4DE5-A754-AD819FF22F46}.Debug|iPhone.Build.0 = Debug|iPhone
		{3C3A5376-8A79-4DE5-A754-AD819FF22F46}.Debug|iPhoneSimulator.ActiveCfg = Debug|iPhoneSimulator
		{3C3A5376-8A79-4DE5-A754-AD819FF22F46}.Debug|iPhoneSimulator.Build.0 = Debug|iPhoneSimulator
		{3C3A5376-8A79-4DE5-A754-AD819FF22F46}.Debug|x64.ActiveCfg = Debug|iPhone
		{3C3A5376-8A79-4DE5-A754-AD819FF22F46}.Debug|x86.ActiveCfg = Debug|iPhone
		{3C3A5376-8A79-4DE5-A754-AD819FF22F46}.Release|Any CPU.ActiveCfg = Release|iPhone
		{3C3A5376-8A79-4DE5-A754-AD819FF22F46}.Release|ARM.ActiveCfg = Release|iPhone
		{3C3A5376-8A79-4DE5-A754-AD819FF22F46}.Release|iPhone.ActiveCfg = Release|iPhone
		{3C3A5376-8A79-4DE5-A754-AD819FF22F46}.Release|iPhone.Build.0 = Release|iPhone
		{3C3A5376-8A79-4DE5-A754-AD819FF22F46}.Release|iPhoneSimulator.ActiveCfg = Release|iPhoneSimulator
		{3C3A5376-8A79-4DE5-A754-AD819FF22F46}.Release|iPhoneSimulator.Build.0 = Release|iPhoneSimulator
		{3C3A5376-8A79-4DE5-A754-AD819FF22F46}.Release|x64.ActiveCfg = Release|iPhone
		{3C3A5376-8A79-4DE5-A754-AD819FF22F46}.Release|x86.ActiveCfg = Release|iPhone
		{24AD2E42-4AA3-4F35-9788-275BEF1B9FCB}.Ad-Hoc|Any CPU.ActiveCfg = Release|Any CPU
		{24AD2E42-4AA3-4F35-9788-275BEF1B9FCB}.Ad-Hoc|Any CPU.Build.0 = Release|Any CPU
		{24AD2E42-4AA3-4F35-9788-275BEF1B9FCB}.Ad-Hoc|Any CPU.Deploy.0 = Release|Any CPU
		{24AD2E42-4AA3-4F35-9788-275BEF1B9FCB}.Ad-Hoc|ARM.ActiveCfg = Release|ARM
		{24AD2E42-4AA3-4F35-9788-275BEF1B9FCB}.Ad-Hoc|ARM.Build.0 = Release|ARM
		{24AD2E42-4AA3-4F35-9788-275BEF1B9FCB}.Ad-Hoc|ARM.Deploy.0 = Release|ARM
		{24AD2E42-4AA3-4F35-9788-275BEF1B9FCB}.Ad-Hoc|iPhone.ActiveCfg = Release|Any CPU
		{24AD2E42-4AA3-4F35-9788-275BEF1B9FCB}.Ad-Hoc|iPhone.Build.0 = Release|Any CPU
		{24AD2E42-4AA3-4F35-9788-275BEF1B9FCB}.Ad-Hoc|iPhone.Deploy.0 = Release|Any CPU
		{24AD2E42-4AA3-4F35-9788-275BEF1B9FCB}.Ad-Hoc|iPhoneSimulator.ActiveCfg = Release|Any CPU
		{24AD2E42-4AA3-4F35-9788-275BEF1B9FCB}.Ad-Hoc|iPhoneSimulator.Build.0 = Release|Any CPU
		{24AD2E42-4AA3-4F35-9788-275BEF1B9FCB}.Ad-Hoc|iPhoneSimulator.Deploy.0 = Release|Any CPU
		{24AD2E42-4AA3-4F35-9788-275BEF1B9FCB}.Ad-Hoc|x64.ActiveCfg = Release|Any CPU
		{24AD2E42-4AA3-4F35-9788-275BEF1B9FCB}.Ad-Hoc|x64.Build.0 = Release|Any CPU
		{24AD2E42-4AA3-4F35-9788-275BEF1B9FCB}.Ad-Hoc|x64.Deploy.0 = Release|Any CPU
		{24AD2E42-4AA3-4F35-9788-275BEF1B9FCB}.Ad-Hoc|x86.ActiveCfg = Release|x86
		{24AD2E42-4AA3-4F35-9788-275BEF1B9FCB}.Ad-Hoc|x86.Build.0 = Release|x86
		{24AD2E42-4AA3-4F35-9788-275BEF1B9FCB}.Ad-Hoc|x86.Deploy.0 = Release|x86
		{24AD2E42-4AA3-4F35-9788-275BEF1B9FCB}.AppStore|Any CPU.ActiveCfg = Release|Any CPU
		{24AD2E42-4AA3-4F35-9788-275BEF1B9FCB}.AppStore|Any CPU.Build.0 = Release|Any CPU
		{24AD2E42-4AA3-4F35-9788-275BEF1B9FCB}.AppStore|Any CPU.Deploy.0 = Release|Any CPU
		{24AD2E42-4AA3-4F35-9788-275BEF1B9FCB}.AppStore|ARM.ActiveCfg = Release|ARM
		{24AD2E42-4AA3-4F35-9788-275BEF1B9FCB}.AppStore|ARM.Build.0 = Release|ARM
		{24AD2E42-4AA3-4F35-9788-275BEF1B9FCB}.AppStore|ARM.Deploy.0 = Release|ARM
		{24AD2E42-4AA3-4F35-9788-275BEF1B9FCB}.AppStore|iPhone.ActiveCfg = Release|Any CPU
		{24AD2E42-4AA3-4F35-9788-275BEF1B9FCB}.AppStore|iPhone.Build.0 = Release|Any CPU
		{24AD2E42-4AA3-4F35-9788-275BEF1B9FCB}.AppStore|iPhone.Deploy.0 = Release|Any CPU
		{24AD2E42-4AA3-4F35-9788-275BEF1B9FCB}.AppStore|iPhoneSimulator.ActiveCfg = Release|Any CPU
		{24AD2E42-4AA3-4F35-9788-275BEF1B9FCB}.AppStore|iPhoneSimulator.Build.0 = Release|Any CPU
		{24AD2E42-4AA3-4F35-9788-275BEF1B9FCB}.AppStore|iPhoneSimulator.Deploy.0 = Release|Any CPU
		{24AD2E42-4AA3-4F35-9788-275BEF1B9FCB}.AppStore|x64.ActiveCfg = Release|Any CPU
		{24AD2E42-4AA3-4F35-9788-275BEF1B9FCB}.AppStore|x64.Build.0 = Release|Any CPU
		{24AD2E42-4AA3-4F35-9788-275BEF1B9FCB}.AppStore|x64.Deploy.0 = Release|Any CPU
		{24AD2E42-4AA3-4F35-9788-275BEF1B9FCB}.AppStore|x86.ActiveCfg = Release|x86
		{24AD2E42-4AA3-4F35-9788-275BEF1B9FCB}.AppStore|x86.Build.0 = Release|x86
		{24AD2E42-4AA3-4F35-9788-275BEF1B9FCB}.AppStore|x86.Deploy.0 = Release|x86
		{24AD2E42-4AA3-4F35-9788-275BEF1B9FCB}.Debug|Any CPU.ActiveCfg = Debug|Any CPU
		{24AD2E42-4AA3-4F35-9788-275BEF1B9FCB}.Debug|Any CPU.Build.0 = Debug|Any CPU
		{24AD2E42-4AA3-4F35-9788-275BEF1B9FCB}.Debug|Any CPU.Deploy.0 = Debug|Any CPU
		{24AD2E42-4AA3-4F35-9788-275BEF1B9FCB}.Debug|ARM.ActiveCfg = Debug|ARM
		{24AD2E42-4AA3-4F35-9788-275BEF1B9FCB}.Debug|ARM.Build.0 = Debug|ARM
		{24AD2E42-4AA3-4F35-9788-275BEF1B9FCB}.Debug|ARM.Deploy.0 = Debug|ARM
		{24AD2E42-4AA3-4F35-9788-275BEF1B9FCB}.Debug|iPhone.ActiveCfg = Debug|Any CPU
		{24AD2E42-4AA3-4F35-9788-275BEF1B9FCB}.Debug|iPhone.Build.0 = Debug|Any CPU
		{24AD2E42-4AA3-4F35-9788-275BEF1B9FCB}.Debug|iPhone.Deploy.0 = Debug|Any CPU
		{24AD2E42-4AA3-4F35-9788-275BEF1B9FCB}.Debug|iPhoneSimulator.ActiveCfg = Debug|Any CPU
		{24AD2E42-4AA3-4F35-9788-275BEF1B9FCB}.Debug|iPhoneSimulator.Build.0 = Debug|Any CPU
		{24AD2E42-4AA3-4F35-9788-275BEF1B9FCB}.Debug|iPhoneSimulator.Deploy.0 = Debug|Any CPU
		{24AD2E42-4AA3-4F35-9788-275BEF1B9FCB}.Debug|x64.ActiveCfg = Debug|Any CPU
		{24AD2E42-4AA3-4F35-9788-275BEF1B9FCB}.Debug|x64.Build.0 = Debug|Any CPU
		{24AD2E42-4AA3-4F35-9788-275BEF1B9FCB}.Debug|x64.Deploy.0 = Debug|Any CPU
		{24AD2E42-4AA3-4F35-9788-275BEF1B9FCB}.Debug|x86.ActiveCfg = Debug|x86
		{24AD2E42-4AA3-4F35-9788-275BEF1B9FCB}.Debug|x86.Build.0 = Debug|x86
		{24AD2E42-4AA3-4F35-9788-275BEF1B9FCB}.Debug|x86.Deploy.0 = Debug|x86
		{24AD2E42-4AA3-4F35-9788-275BEF1B9FCB}.Release|Any CPU.ActiveCfg = Release|Any CPU
		{24AD2E42-4AA3-4F35-9788-275BEF1B9FCB}.Release|Any CPU.Build.0 = Release|Any CPU
		{24AD2E42-4AA3-4F35-9788-275BEF1B9FCB}.Release|Any CPU.Deploy.0 = Release|Any CPU
		{24AD2E42-4AA3-4F35-9788-275BEF1B9FCB}.Release|ARM.ActiveCfg = Release|ARM
		{24AD2E42-4AA3-4F35-9788-275BEF1B9FCB}.Release|ARM.Build.0 = Release|ARM
		{24AD2E42-4AA3-4F35-9788-275BEF1B9FCB}.Release|ARM.Deploy.0 = Release|ARM
		{24AD2E42-4AA3-4F35-9788-275BEF1B9FCB}.Release|iPhone.ActiveCfg = Release|Any CPU
		{24AD2E42-4AA3-4F35-9788-275BEF1B9FCB}.Release|iPhone.Build.0 = Release|Any CPU
		{24AD2E42-4AA3-4F35-9788-275BEF1B9FCB}.Release|iPhone.Deploy.0 = Release|Any CPU
		{24AD2E42-4AA3-4F35-9788-275BEF1B9FCB}.Release|iPhoneSimulator.ActiveCfg = Release|Any CPU
		{24AD2E42-4AA3-4F35-9788-275BEF1B9FCB}.Release|iPhoneSimulator.Build.0 = Release|Any CPU
		{24AD2E42-4AA3-4F35-9788-275BEF1B9FCB}.Release|iPhoneSimulator.Deploy.0 = Release|Any CPU
		{24AD2E42-4AA3-4F35-9788-275BEF1B9FCB}.Release|x64.ActiveCfg = Release|Any CPU
		{24AD2E42-4AA3-4F35-9788-275BEF1B9FCB}.Release|x64.Build.0 = Release|Any CPU
		{24AD2E42-4AA3-4F35-9788-275BEF1B9FCB}.Release|x64.Deploy.0 = Release|Any CPU
		{24AD2E42-4AA3-4F35-9788-275BEF1B9FCB}.Release|x86.ActiveCfg = Release|x86
		{24AD2E42-4AA3-4F35-9788-275BEF1B9FCB}.Release|x86.Build.0 = Release|x86
		{24AD2E42-4AA3-4F35-9788-275BEF1B9FCB}.Release|x86.Deploy.0 = Release|x86
		{EA53DF32-9346-4739-87C1-89E0894C5B45}.Ad-Hoc|Any CPU.ActiveCfg = Release|x86
		{EA53DF32-9346-4739-87C1-89E0894C5B45}.Ad-Hoc|Any CPU.Build.0 = Release|x86
		{EA53DF32-9346-4739-87C1-89E0894C5B45}.Ad-Hoc|Any CPU.Deploy.0 = Release|x86
		{EA53DF32-9346-4739-87C1-89E0894C5B45}.Ad-Hoc|ARM.ActiveCfg = Release|ARM
		{EA53DF32-9346-4739-87C1-89E0894C5B45}.Ad-Hoc|ARM.Build.0 = Release|ARM
		{EA53DF32-9346-4739-87C1-89E0894C5B45}.Ad-Hoc|ARM.Deploy.0 = Release|ARM
		{EA53DF32-9346-4739-87C1-89E0894C5B45}.Ad-Hoc|iPhone.ActiveCfg = Release|x86
		{EA53DF32-9346-4739-87C1-89E0894C5B45}.Ad-Hoc|iPhone.Build.0 = Release|x86
		{EA53DF32-9346-4739-87C1-89E0894C5B45}.Ad-Hoc|iPhone.Deploy.0 = Release|x86
		{EA53DF32-9346-4739-87C1-89E0894C5B45}.Ad-Hoc|iPhoneSimulator.ActiveCfg = Release|x86
		{EA53DF32-9346-4739-87C1-89E0894C5B45}.Ad-Hoc|iPhoneSimulator.Build.0 = Release|x86
		{EA53DF32-9346-4739-87C1-89E0894C5B45}.Ad-Hoc|iPhoneSimulator.Deploy.0 = Release|x86
		{EA53DF32-9346-4739-87C1-89E0894C5B45}.Ad-Hoc|x64.ActiveCfg = Release|x64
		{EA53DF32-9346-4739-87C1-89E0894C5B45}.Ad-Hoc|x64.Build.0 = Release|x64
		{EA53DF32-9346-4739-87C1-89E0894C5B45}.Ad-Hoc|x64.Deploy.0 = Release|x64
		{EA53DF32-9346-4739-87C1-89E0894C5B45}.Ad-Hoc|x86.ActiveCfg = Release|x86
		{EA53DF32-9346-4739-87C1-89E0894C5B45}.Ad-Hoc|x86.Build.0 = Release|x86
		{EA53DF32-9346-4739-87C1-89E0894C5B45}.Ad-Hoc|x86.Deploy.0 = Release|x86
		{EA53DF32-9346-4739-87C1-89E0894C5B45}.AppStore|Any CPU.ActiveCfg = Release|x86
		{EA53DF32-9346-4739-87C1-89E0894C5B45}.AppStore|Any CPU.Build.0 = Release|x86
		{EA53DF32-9346-4739-87C1-89E0894C5B45}.AppStore|Any CPU.Deploy.0 = Release|x86
		{EA53DF32-9346-4739-87C1-89E0894C5B45}.AppStore|ARM.ActiveCfg = Release|ARM
		{EA53DF32-9346-4739-87C1-89E0894C5B45}.AppStore|ARM.Build.0 = Release|ARM
		{EA53DF32-9346-4739-87C1-89E0894C5B45}.AppStore|ARM.Deploy.0 = Release|ARM
		{EA53DF32-9346-4739-87C1-89E0894C5B45}.AppStore|iPhone.ActiveCfg = Release|x86
		{EA53DF32-9346-4739-87C1-89E0894C5B45}.AppStore|iPhone.Build.0 = Release|x86
		{EA53DF32-9346-4739-87C1-89E0894C5B45}.AppStore|iPhone.Deploy.0 = Release|x86
		{EA53DF32-9346-4739-87C1-89E0894C5B45}.AppStore|iPhoneSimulator.ActiveCfg = Release|x86
		{EA53DF32-9346-4739-87C1-89E0894C5B45}.AppStore|iPhoneSimulator.Build.0 = Release|x86
		{EA53DF32-9346-4739-87C1-89E0894C5B45}.AppStore|iPhoneSimulator.Deploy.0 = Release|x86
		{EA53DF32-9346-4739-87C1-89E0894C5B45}.AppStore|x64.ActiveCfg = Release|x64
		{EA53DF32-9346-4739-87C1-89E0894C5B45}.AppStore|x64.Build.0 = Release|x64
		{EA53DF32-9346-4739-87C1-89E0894C5B45}.AppStore|x64.Deploy.0 = Release|x64
		{EA53DF32-9346-4739-87C1-89E0894C5B45}.AppStore|x86.ActiveCfg = Release|x86
		{EA53DF32-9346-4739-87C1-89E0894C5B45}.AppStore|x86.Build.0 = Release|x86
		{EA53DF32-9346-4739-87C1-89E0894C5B45}.AppStore|x86.Deploy.0 = Release|x86
		{EA53DF32-9346-4739-87C1-89E0894C5B45}.Debug|Any CPU.ActiveCfg = Debug|x86
		{EA53DF32-9346-4739-87C1-89E0894C5B45}.Debug|ARM.ActiveCfg = Debug|ARM
		{EA53DF32-9346-4739-87C1-89E0894C5B45}.Debug|ARM.Build.0 = Debug|ARM
		{EA53DF32-9346-4739-87C1-89E0894C5B45}.Debug|ARM.Deploy.0 = Debug|ARM
		{EA53DF32-9346-4739-87C1-89E0894C5B45}.Debug|iPhone.ActiveCfg = Debug|x86
		{EA53DF32-9346-4739-87C1-89E0894C5B45}.Debug|iPhoneSimulator.ActiveCfg = Debug|x86
		{EA53DF32-9346-4739-87C1-89E0894C5B45}.Debug|x64.ActiveCfg = Debug|x64
		{EA53DF32-9346-4739-87C1-89E0894C5B45}.Debug|x64.Build.0 = Debug|x64
		{EA53DF32-9346-4739-87C1-89E0894C5B45}.Debug|x64.Deploy.0 = Debug|x64
		{EA53DF32-9346-4739-87C1-89E0894C5B45}.Debug|x86.ActiveCfg = Debug|x86
		{EA53DF32-9346-4739-87C1-89E0894C5B45}.Debug|x86.Build.0 = Debug|x86
		{EA53DF32-9346-4739-87C1-89E0894C5B45}.Debug|x86.Deploy.0 = Debug|x86
		{EA53DF32-9346-4739-87C1-89E0894C5B45}.Release|Any CPU.ActiveCfg = Release|x86
		{EA53DF32-9346-4739-87C1-89E0894C5B45}.Release|ARM.ActiveCfg = Release|ARM
		{EA53DF32-9346-4739-87C1-89E0894C5B45}.Release|ARM.Build.0 = Release|ARM
		{EA53DF32-9346-4739-87C1-89E0894C5B45}.Release|ARM.Deploy.0 = Release|ARM
		{EA53DF32-9346-4739-87C1-89E0894C5B45}.Release|iPhone.ActiveCfg = Release|x86
		{EA53DF32-9346-4739-87C1-89E0894C5B45}.Release|iPhoneSimulator.ActiveCfg = Release|x86
		{EA53DF32-9346-4739-87C1-89E0894C5B45}.Release|x64.ActiveCfg = Release|x64
		{EA53DF32-9346-4739-87C1-89E0894C5B45}.Release|x64.Build.0 = Release|x64
		{EA53DF32-9346-4739-87C1-89E0894C5B45}.Release|x64.Deploy.0 = Release|x64
		{EA53DF32-9346-4739-87C1-89E0894C5B45}.Release|x86.ActiveCfg = Release|x86
		{EA53DF32-9346-4739-87C1-89E0894C5B45}.Release|x86.Build.0 = Release|x86
		{EA53DF32-9346-4739-87C1-89E0894C5B45}.Release|x86.Deploy.0 = Release|x86
		{9340DC75-4EA0-401F-A363-565B1759173A}.Ad-Hoc|Any CPU.ActiveCfg = Release|Any CPU
		{9340DC75-4EA0-401F-A363-565B1759173A}.Ad-Hoc|Any CPU.Build.0 = Release|Any CPU
		{9340DC75-4EA0-401F-A363-565B1759173A}.Ad-Hoc|Any CPU.Deploy.0 = Release|Any CPU
		{9340DC75-4EA0-401F-A363-565B1759173A}.Ad-Hoc|ARM.ActiveCfg = Release|ARM
		{9340DC75-4EA0-401F-A363-565B1759173A}.Ad-Hoc|ARM.Build.0 = Release|ARM
		{9340DC75-4EA0-401F-A363-565B1759173A}.Ad-Hoc|ARM.Deploy.0 = Release|ARM
		{9340DC75-4EA0-401F-A363-565B1759173A}.Ad-Hoc|iPhone.ActiveCfg = Release|Any CPU
		{9340DC75-4EA0-401F-A363-565B1759173A}.Ad-Hoc|iPhone.Build.0 = Release|Any CPU
		{9340DC75-4EA0-401F-A363-565B1759173A}.Ad-Hoc|iPhone.Deploy.0 = Release|Any CPU
		{9340DC75-4EA0-401F-A363-565B1759173A}.Ad-Hoc|iPhoneSimulator.ActiveCfg = Release|Any CPU
		{9340DC75-4EA0-401F-A363-565B1759173A}.Ad-Hoc|iPhoneSimulator.Build.0 = Release|Any CPU
		{9340DC75-4EA0-401F-A363-565B1759173A}.Ad-Hoc|iPhoneSimulator.Deploy.0 = Release|Any CPU
		{9340DC75-4EA0-401F-A363-565B1759173A}.Ad-Hoc|x64.ActiveCfg = Release|x64
		{9340DC75-4EA0-401F-A363-565B1759173A}.Ad-Hoc|x64.Build.0 = Release|x64
		{9340DC75-4EA0-401F-A363-565B1759173A}.Ad-Hoc|x64.Deploy.0 = Release|x64
		{9340DC75-4EA0-401F-A363-565B1759173A}.Ad-Hoc|x86.ActiveCfg = Release|x86
		{9340DC75-4EA0-401F-A363-565B1759173A}.Ad-Hoc|x86.Build.0 = Release|x86
		{9340DC75-4EA0-401F-A363-565B1759173A}.Ad-Hoc|x86.Deploy.0 = Release|x86
		{9340DC75-4EA0-401F-A363-565B1759173A}.AppStore|Any CPU.ActiveCfg = Release|Any CPU
		{9340DC75-4EA0-401F-A363-565B1759173A}.AppStore|Any CPU.Build.0 = Release|Any CPU
		{9340DC75-4EA0-401F-A363-565B1759173A}.AppStore|Any CPU.Deploy.0 = Release|Any CPU
		{9340DC75-4EA0-401F-A363-565B1759173A}.AppStore|ARM.ActiveCfg = Release|ARM
		{9340DC75-4EA0-401F-A363-565B1759173A}.AppStore|ARM.Build.0 = Release|ARM
		{9340DC75-4EA0-401F-A363-565B1759173A}.AppStore|ARM.Deploy.0 = Release|ARM
		{9340DC75-4EA0-401F-A363-565B1759173A}.AppStore|iPhone.ActiveCfg = Release|Any CPU
		{9340DC75-4EA0-401F-A363-565B1759173A}.AppStore|iPhone.Build.0 = Release|Any CPU
		{9340DC75-4EA0-401F-A363-565B1759173A}.AppStore|iPhone.Deploy.0 = Release|Any CPU
		{9340DC75-4EA0-401F-A363-565B1759173A}.AppStore|iPhoneSimulator.ActiveCfg = Release|Any CPU
		{9340DC75-4EA0-401F-A363-565B1759173A}.AppStore|iPhoneSimulator.Build.0 = Release|Any CPU
		{9340DC75-4EA0-401F-A363-565B1759173A}.AppStore|iPhoneSimulator.Deploy.0 = Release|Any CPU
		{9340DC75-4EA0-401F-A363-565B1759173A}.AppStore|x64.ActiveCfg = Release|x64
		{9340DC75-4EA0-401F-A363-565B1759173A}.AppStore|x64.Build.0 = Release|x64
		{9340DC75-4EA0-401F-A363-565B1759173A}.AppStore|x64.Deploy.0 = Release|x64
		{9340DC75-4EA0-401F-A363-565B1759173A}.AppStore|x86.ActiveCfg = Release|x86
		{9340DC75-4EA0-401F-A363-565B1759173A}.AppStore|x86.Build.0 = Release|x86
		{9340DC75-4EA0-401F-A363-565B1759173A}.AppStore|x86.Deploy.0 = Release|x86
		{9340DC75-4EA0-401F-A363-565B1759173A}.Debug|Any CPU.ActiveCfg = Debug|Any CPU
		{9340DC75-4EA0-401F-A363-565B1759173A}.Debug|Any CPU.Build.0 = Debug|Any CPU
		{9340DC75-4EA0-401F-A363-565B1759173A}.Debug|Any CPU.Deploy.0 = Debug|Any CPU
		{9340DC75-4EA0-401F-A363-565B1759173A}.Debug|ARM.ActiveCfg = Debug|ARM
		{9340DC75-4EA0-401F-A363-565B1759173A}.Debug|ARM.Build.0 = Debug|ARM
		{9340DC75-4EA0-401F-A363-565B1759173A}.Debug|ARM.Deploy.0 = Debug|ARM
		{9340DC75-4EA0-401F-A363-565B1759173A}.Debug|iPhone.ActiveCfg = Debug|Any CPU
		{9340DC75-4EA0-401F-A363-565B1759173A}.Debug|iPhone.Build.0 = Debug|Any CPU
		{9340DC75-4EA0-401F-A363-565B1759173A}.Debug|iPhone.Deploy.0 = Debug|Any CPU
		{9340DC75-4EA0-401F-A363-565B1759173A}.Debug|iPhoneSimulator.ActiveCfg = Debug|Any CPU
		{9340DC75-4EA0-401F-A363-565B1759173A}.Debug|iPhoneSimulator.Build.0 = Debug|Any CPU
		{9340DC75-4EA0-401F-A363-565B1759173A}.Debug|iPhoneSimulator.Deploy.0 = Debug|Any CPU
		{9340DC75-4EA0-401F-A363-565B1759173A}.Debug|x64.ActiveCfg = Debug|x64
		{9340DC75-4EA0-401F-A363-565B1759173A}.Debug|x64.Build.0 = Debug|x64
		{9340DC75-4EA0-401F-A363-565B1759173A}.Debug|x64.Deploy.0 = Debug|x64
		{9340DC75-4EA0-401F-A363-565B1759173A}.Debug|x86.ActiveCfg = Debug|x86
		{9340DC75-4EA0-401F-A363-565B1759173A}.Debug|x86.Build.0 = Debug|x86
		{9340DC75-4EA0-401F-A363-565B1759173A}.Debug|x86.Deploy.0 = Debug|x86
		{9340DC75-4EA0-401F-A363-565B1759173A}.Release|Any CPU.ActiveCfg = Release|Any CPU
		{9340DC75-4EA0-401F-A363-565B1759173A}.Release|Any CPU.Build.0 = Release|Any CPU
		{9340DC75-4EA0-401F-A363-565B1759173A}.Release|Any CPU.Deploy.0 = Release|Any CPU
		{9340DC75-4EA0-401F-A363-565B1759173A}.Release|ARM.ActiveCfg = Release|ARM
		{9340DC75-4EA0-401F-A363-565B1759173A}.Release|ARM.Build.0 = Release|ARM
		{9340DC75-4EA0-401F-A363-565B1759173A}.Release|ARM.Deploy.0 = Release|ARM
		{9340DC75-4EA0-401F-A363-565B1759173A}.Release|iPhone.ActiveCfg = Release|Any CPU
		{9340DC75-4EA0-401F-A363-565B1759173A}.Release|iPhone.Build.0 = Release|Any CPU
		{9340DC75-4EA0-401F-A363-565B1759173A}.Release|iPhone.Deploy.0 = Release|Any CPU
		{9340DC75-4EA0-401F-A363-565B1759173A}.Release|iPhoneSimulator.ActiveCfg = Release|Any CPU
		{9340DC75-4EA0-401F-A363-565B1759173A}.Release|iPhoneSimulator.Build.0 = Release|Any CPU
		{9340DC75-4EA0-401F-A363-565B1759173A}.Release|iPhoneSimulator.Deploy.0 = Release|Any CPU
		{9340DC75-4EA0-401F-A363-565B1759173A}.Release|x64.ActiveCfg = Release|x64
		{9340DC75-4EA0-401F-A363-565B1759173A}.Release|x64.Build.0 = Release|x64
		{9340DC75-4EA0-401F-A363-565B1759173A}.Release|x64.Deploy.0 = Release|x64
		{9340DC75-4EA0-401F-A363-565B1759173A}.Release|x86.ActiveCfg = Release|x86
		{9340DC75-4EA0-401F-A363-565B1759173A}.Release|x86.Build.0 = Release|x86
		{9340DC75-4EA0-401F-A363-565B1759173A}.Release|x86.Deploy.0 = Release|x86
		{7FACB05A-42B6-4458-BC15-7929B76BCCC8}.Ad-Hoc|Any CPU.ActiveCfg = Release|Any CPU
		{7FACB05A-42B6-4458-BC15-7929B76BCCC8}.Ad-Hoc|Any CPU.Build.0 = Release|Any CPU
		{7FACB05A-42B6-4458-BC15-7929B76BCCC8}.Ad-Hoc|ARM.ActiveCfg = Release|Any CPU
		{7FACB05A-42B6-4458-BC15-7929B76BCCC8}.Ad-Hoc|ARM.Build.0 = Release|Any CPU
		{7FACB05A-42B6-4458-BC15-7929B76BCCC8}.Ad-Hoc|iPhone.ActiveCfg = Release|Any CPU
		{7FACB05A-42B6-4458-BC15-7929B76BCCC8}.Ad-Hoc|iPhone.Build.0 = Release|Any CPU
		{7FACB05A-42B6-4458-BC15-7929B76BCCC8}.Ad-Hoc|iPhoneSimulator.ActiveCfg = Release|Any CPU
		{7FACB05A-42B6-4458-BC15-7929B76BCCC8}.Ad-Hoc|iPhoneSimulator.Build.0 = Release|Any CPU
		{7FACB05A-42B6-4458-BC15-7929B76BCCC8}.Ad-Hoc|x64.ActiveCfg = Release|Any CPU
		{7FACB05A-42B6-4458-BC15-7929B76BCCC8}.Ad-Hoc|x64.Build.0 = Release|Any CPU
		{7FACB05A-42B6-4458-BC15-7929B76BCCC8}.Ad-Hoc|x86.ActiveCfg = Release|Any CPU
		{7FACB05A-42B6-4458-BC15-7929B76BCCC8}.Ad-Hoc|x86.Build.0 = Release|Any CPU
		{7FACB05A-42B6-4458-BC15-7929B76BCCC8}.AppStore|Any CPU.ActiveCfg = Release|Any CPU
		{7FACB05A-42B6-4458-BC15-7929B76BCCC8}.AppStore|Any CPU.Build.0 = Release|Any CPU
		{7FACB05A-42B6-4458-BC15-7929B76BCCC8}.AppStore|ARM.ActiveCfg = Release|Any CPU
		{7FACB05A-42B6-4458-BC15-7929B76BCCC8}.AppStore|ARM.Build.0 = Release|Any CPU
		{7FACB05A-42B6-4458-BC15-7929B76BCCC8}.AppStore|iPhone.ActiveCfg = Release|Any CPU
		{7FACB05A-42B6-4458-BC15-7929B76BCCC8}.AppStore|iPhone.Build.0 = Release|Any CPU
		{7FACB05A-42B6-4458-BC15-7929B76BCCC8}.AppStore|iPhoneSimulator.ActiveCfg = Release|Any CPU
		{7FACB05A-42B6-4458-BC15-7929B76BCCC8}.AppStore|iPhoneSimulator.Build.0 = Release|Any CPU
		{7FACB05A-42B6-4458-BC15-7929B76BCCC8}.AppStore|x64.ActiveCfg = Release|Any CPU
		{7FACB05A-42B6-4458-BC15-7929B76BCCC8}.AppStore|x64.Build.0 = Release|Any CPU
		{7FACB05A-42B6-4458-BC15-7929B76BCCC8}.AppStore|x86.ActiveCfg = Release|Any CPU
		{7FACB05A-42B6-4458-BC15-7929B76BCCC8}.AppStore|x86.Build.0 = Release|Any CPU
		{7FACB05A-42B6-4458-BC15-7929B76BCCC8}.Debug|Any CPU.ActiveCfg = Debug|Any CPU
		{7FACB05A-42B6-4458-BC15-7929B76BCCC8}.Debug|Any CPU.Build.0 = Debug|Any CPU
		{7FACB05A-42B6-4458-BC15-7929B76BCCC8}.Debug|ARM.ActiveCfg = Debug|Any CPU
		{7FACB05A-42B6-4458-BC15-7929B76BCCC8}.Debug|ARM.Build.0 = Debug|Any CPU
		{7FACB05A-42B6-4458-BC15-7929B76BCCC8}.Debug|iPhone.ActiveCfg = Debug|Any CPU
		{7FACB05A-42B6-4458-BC15-7929B76BCCC8}.Debug|iPhone.Build.0 = Debug|Any CPU
		{7FACB05A-42B6-4458-BC15-7929B76BCCC8}.Debug|iPhoneSimulator.ActiveCfg = Debug|Any CPU
		{7FACB05A-42B6-4458-BC15-7929B76BCCC8}.Debug|iPhoneSimulator.Build.0 = Debug|Any CPU
		{7FACB05A-42B6-4458-BC15-7929B76BCCC8}.Debug|x64.ActiveCfg = Debug|Any CPU
		{7FACB05A-42B6-4458-BC15-7929B76BCCC8}.Debug|x64.Build.0 = Debug|Any CPU
		{7FACB05A-42B6-4458-BC15-7929B76BCCC8}.Debug|x86.ActiveCfg = Debug|Any CPU
		{7FACB05A-42B6-4458-BC15-7929B76BCCC8}.Debug|x86.Build.0 = Debug|Any CPU
		{7FACB05A-42B6-4458-BC15-7929B76BCCC8}.Release|Any CPU.ActiveCfg = Release|Any CPU
		{7FACB05A-42B6-4458-BC15-7929B76BCCC8}.Release|Any CPU.Build.0 = Release|Any CPU
		{7FACB05A-42B6-4458-BC15-7929B76BCCC8}.Release|ARM.ActiveCfg = Release|Any CPU
		{7FACB05A-42B6-4458-BC15-7929B76BCCC8}.Release|ARM.Build.0 = Release|Any CPU
		{7FACB05A-42B6-4458-BC15-7929B76BCCC8}.Release|iPhone.ActiveCfg = Release|Any CPU
		{7FACB05A-42B6-4458-BC15-7929B76BCCC8}.Release|iPhone.Build.0 = Release|Any CPU
		{7FACB05A-42B6-4458-BC15-7929B76BCCC8}.Release|iPhoneSimulator.ActiveCfg = Release|Any CPU
		{7FACB05A-42B6-4458-BC15-7929B76BCCC8}.Release|iPhoneSimulator.Build.0 = Release|Any CPU
		{7FACB05A-42B6-4458-BC15-7929B76BCCC8}.Release|x64.ActiveCfg = Release|Any CPU
		{7FACB05A-42B6-4458-BC15-7929B76BCCC8}.Release|x64.Build.0 = Release|Any CPU
		{7FACB05A-42B6-4458-BC15-7929B76BCCC8}.Release|x86.ActiveCfg = Release|Any CPU
		{7FACB05A-42B6-4458-BC15-7929B76BCCC8}.Release|x86.Build.0 = Release|Any CPU
	EndGlobalSection
	GlobalSection(SolutionProperties) = preSolution
		HideSolutionNode = FALSE
	EndGlobalSection
EndGlobal
